{
  "name": "aibast-workshop-browser-audit",
  "version": "1.0.0",
  "lockfileVersion": 3,
  "requires": true,
  "packages": {
    "": {
      "name": "aibast-workshop-browser-audit",
      "version": "1.0.0",
      "dependencies": {
        "playwright": "1.62.1"
      },
      "engines": {
        "node": ">=22"
      }
    },
    "node_modules/fsevents": {
      "version": "2.3.2",
      "integrity": "sha1-ilJveLj99GI7cJ4Ll1xSwkwC/Ro=",
      "license": "MIT",
      "optional": true,
      "os": [
        "darwin"
      ],
      "engines": {
        "node": "^8.16.0 || ^10.6.0 || >=11.0.0"
      }
    },
    "node_modules/playwright": {
      "version": "1.62.1",
      "integrity": "sha1-hEe2dV6K7IWjy3IHyCPj7S/GZwA=",
      "license": "Apache-2.0",
      "dependencies": {
        "playwright-core": "1.62.1"
      },
      "bin": {
        "playwright": "cli.js"
      },
      "engines": {
        "node": ">=20"
      },
      "optionalDependencies": {
        "fsevents": "2.3.2"
      }
    },
    "node_modules/playwright-core": {
      "version": "1.62.1",
      "integrity": "sha1-Eg9noZGBv9GDxg+pA8DZkzC1Z4U=",
      "license": "Apache-2.0",
      "bin": {
        "playwright-core": "cli.js"
      },
      "engines": {
        "node": ">=20"
      }
    }
  }
}
